
Microsoft Visual Studio Solution File, Format Version 12.00
# Visual Studio 14
VisualStudioVersion = 14.0.24720.0
MinimumVisualStudioVersion = 10.0.40219.1
Project("{FAE04EC0-301F-11D3-BF4B-00C04F79EFBC}") = "TOCManager.Entities", "TOCManager.Entities\TOCManager.Entities.csproj", "{3B251984-D31F-4659-B4BF-088CDC178EC8}"
EndProject
Project("{FAE04EC0-301F-11D3-BF4B-00C04F79EFBC}") = "TOCManager.DataLayer", "TOCManager.DataLayer\TOCManager.DataLayer.csproj", "{9CAFA2EF-1E8B-4D5A-A806-07D8158EED60}"
EndProject
Project("{FAE04EC0-301F-11D3-BF4B-00C04F79EFBC}") = "TOCManager.WebApi", "TOCManager.WebApi\TOCManager.WebApi.csproj", "{5EA768AB-CA35-44AE-B3A2-D9324D98D767}"
EndProject
Project("{FAE04EC0-301F-11D3-BF4B-00C04F79EFBC}") = "TOCManager.Membership", "TOCManager.Membership\TOCManager.Membership.csproj", "{EE001A0D-7680-4930-AF7C-2BD0FDAE9D1B}"
EndProject
Global
	GlobalSection(SolutionConfigurationPlatforms) = preSolution
		Debug|Any CPU = Debug|Any CPU
		Release|Any CPU = Release|Any CPU
	EndGlobalSection
	GlobalSection(ProjectConfigurationPlatforms) = postSolution
		{3B251984-D31F-4659-B4BF-088CDC178EC8}.Debug|Any CPU.ActiveCfg = Debug|Any CPU
		{3B251984-D31F-4659-B4BF-088CDC178EC8}.Debug|Any CPU.Build.0 = Debug|Any CPU
		{3B251984-D31F-4659-B4BF-088CDC178EC8}.Release|Any CPU.ActiveCfg = Release|Any CPU
		{3B251984-D31F-4659-B4BF-088CDC178EC8}.Release|Any CPU.Build.0 = Release|Any CPU
		{9CAFA2EF-1E8B-4D5A-A806-07D8158EED60}.Debug|Any CPU.ActiveCfg = Debug|Any CPU
		{9CAFA2EF-1E8B-4D5A-A806-07D8158EED60}.Debug|Any CPU.Build.0 = Debug|Any CPU
		{9CAFA2EF-1E8B-4D5A-A806-07D8158EED60}.Release|Any CPU.ActiveCfg = Release|Any CPU
		{9CAFA2EF-1E8B-4D5A-A806-07D8158EED60}.Release|Any CPU.Build.0 = Release|Any CPU
		{5EA768AB-CA35-44AE-B3A2-D9324D98D767}.Debug|Any CPU.ActiveCfg = Debug|Any CPU
		{5EA768AB-CA35-44AE-B3A2-D9324D98D767}.Debug|Any CPU.Build.0 = Debug|Any CPU
		{5EA768AB-CA35-44AE-B3A2-D9324D98D767}.Release|Any CPU.ActiveCfg = Release|Any CPU
		{5EA768AB-CA35-44AE-B3A2-D9324D98D767}.Release|Any CPU.Build.0 = Release|Any CPU
		{EE001A0D-7680-4930-AF7C-2BD0FDAE9D1B}.Debug|Any CPU.ActiveCfg = Debug|Any CPU
		{EE001A0D-7680-4930-AF7C-2BD0FDAE9D1B}.Debug|Any CPU.Build.0 = Debug|Any CPU
		{EE001A0D-7680-4930-AF7C-2BD0FDAE9D1B}.Release|Any CPU.ActiveCfg = Release|Any CPU
		{EE001A0D-7680-4930-AF7C-2BD0FDAE9D1B}.Release|Any CPU.Build.0 = Release|Any CPU
	EndGlobalSection
	GlobalSection(SolutionProperties) = preSolution
		HideSolutionNode = FALSE
	EndGlobalSection
EndGlobal
